{"is_source_file": false, "format": "", "description": "", "external_files": [], "external_methods": [], "published": [], "classes": [], "methods": [], "calls": [], "search-terms": [], "state": 2, "file_id": 44, "knowledge_revision": 117, "git_revision": "373fd55b7b4ed527ef9ad5f399a3478705e6f8b3", "hash": "e9b4c3b42cef0193b7fddb548d37e652", "format-version": 4, "code-base-name": "default", "filename": "journal_frontend_workspace/journal_frontend/post_process_status.lock", "revision_history": [{"117": "373fd55b7b4ed527ef9ad5f399a3478705e6f8b3"}]}